# This file is automatically @generated by Cargo.
# It is not intended for manual editing.
version = 3

[[package]]
name = "example-args"
version = "0.1.0"

[[package]]
name = "example-enum"
version = "0.1.0"

[[package]]
name = "example-env"
version = "0.1.0"

[[package]]
name = "example-file"
version = "0.1.0"

[[package]]
name = "example-stdin"
version = "0.1.0"
